{
  "name": "aovi-svelte",
  "version": "0.2.5",
  "lockfileVersion": 2,
  "requires": true,
  "packages": {
    "": {
      "name": "aovi-svelte",
      "version": "0.2.5",
      "license": "MIT",
      "dependencies": {
        "aovi": "^2.0.5"
      },
      "devDependencies": {
        "derver": "^0.4.12",
        "esbuild": "^0.8.52",
        "esbuild-svelte": "^0.4.2",
        "svelte": "^3.32.3"
      },
      "peerDependencies": {
        "svelte": "3.x"
      }
    },
    "node_modules/aovi": {
      "version": "2.0.5",
      "resolved": "https://registry.npmjs.org/aovi/-/aovi-2.0.5.tgz",
      "integrity": "sha512-8ck3NGmpjCdnMofvvqFk6Ul/tYrF3Uukf+UduGxpeRY3v5deY5OMwlvuD29XuXLdpqE0PUqDsSn8/MlxQr6RJA=="
    },
    "node_modules/derver": {
      "version": "0.4.12",
      "resolved": "https://registry.npmjs.org/derver/-/derver-0.4.12.tgz",
      "integrity": "sha512-M/c3NwzoN1suyLv6qYhuvDapTcpTsNabw72Nv0T1NVkyyhiD8R+qTVqCMIjd2Nq1JUzb+8toOjpyel3N3LCa1Q==",
      "dev": true,
      "bin": {
        "derver": "bin/derver"
      }
    },
    "node_modules/esbuild": {
      "version": "0.8.52",
      "resolved": "https://registry.npmjs.org/esbuild/-/esbuild-0.8.52.tgz",
      "integrity": "sha512-b5KzFweLLXoXQwdC/e2+Z80c8uo2M5MgP7yQEEebkFw6In4T9CvYcNoM2ElvJt8ByO04zAZUV0fZkXmXoi2s9A==",
      "dev": true,
      "hasInstallScript": true,
      "bin": {
        "esbuild": "bin/esbuild"
      }
    },
    "node_modules/esbuild-svelte": {
      "version": "0.4.2",
      "resolved": "https://registry.npmjs.org/esbuild-svelte/-/esbuild-svelte-0.4.2.tgz",
      "integrity": "sha512-NadN2sZYEjJrcx/gbxjg9BZXFpfbso46dyfFsdB8Yn0Ir+QGsqhMTvtxdaBCqf18Ju1mHyoj/riQtToBq2CNUg==",
      "dev": true,
      "dependencies": {
        "svelte": "^3.32.3"
      },
      "peerDependencies": {
        "esbuild": "0.8.x"
      }
    },
    "node_modules/svelte": {
      "version": "3.49.0",
      "resolved": "https://registry.npmjs.org/svelte/-/svelte-3.49.0.tgz",
      "integrity": "sha512-+lmjic1pApJWDfPCpUUTc1m8azDqYCG1JN9YEngrx/hUyIcFJo6VZhj0A1Ai0wqoHcEIuQy+e9tk+4uDgdtsFA==",
      "dev": true,
      "engines": {
        "node": ">= 8"
      }
    }
  },
  "dependencies": {
    "aovi": {
      "version": "2.0.5",
      "resolved": "https://registry.npmjs.org/aovi/-/aovi-2.0.5.tgz",
      "integrity": "sha512-8ck3NGmpjCdnMofvvqFk6Ul/tYrF3Uukf+UduGxpeRY3v5deY5OMwlvuD29XuXLdpqE0PUqDsSn8/MlxQr6RJA=="
    },
    "derver": {
      "version": "0.4.12",
      "resolved": "https://registry.npmjs.org/derver/-/derver-0.4.12.tgz",
      "integrity": "sha512-M/c3NwzoN1suyLv6qYhuvDapTcpTsNabw72Nv0T1NVkyyhiD8R+qTVqCMIjd2Nq1JUzb+8toOjpyel3N3LCa1Q==",
      "dev": true
    },
    "esbuild": {
      "version": "0.8.52",
      "resolved": "https://registry.npmjs.org/esbuild/-/esbuild-0.8.52.tgz",
      "integrity": "sha512-b5KzFweLLXoXQwdC/e2+Z80c8uo2M5MgP7yQEEebkFw6In4T9CvYcNoM2ElvJt8ByO04zAZUV0fZkXmXoi2s9A==",
      "dev": true
    },
    "esbuild-svelte": {
      "version": "0.4.2",
      "resolved": "https://registry.npmjs.org/esbuild-svelte/-/esbuild-svelte-0.4.2.tgz",
      "integrity": "sha512-NadN2sZYEjJrcx/gbxjg9BZXFpfbso46dyfFsdB8Yn0Ir+QGsqhMTvtxdaBCqf18Ju1mHyoj/riQtToBq2CNUg==",
      "dev": true,
      "requires": {
        "svelte": "^3.32.3"
      }
    },
    "svelte": {
      "version": "3.49.0",
      "resolved": "https://registry.npmjs.org/svelte/-/svelte-3.49.0.tgz",
      "integrity": "sha512-+lmjic1pApJWDfPCpUUTc1m8azDqYCG1JN9YEngrx/hUyIcFJo6VZhj0A1Ai0wqoHcEIuQy+e9tk+4uDgdtsFA==",
      "dev": true
    }
  }
}
